github.com/goosc/osc v0.0.3 h1:PGtHUkb9+nGbqdKC7iL+Rzau4nIY6OkwpDIU6c7l+gE=
github.com/goosc/osc v0.0.3/go.mod h1:r5nKL4/3VSkdPA5Pf5uuUm5rq4Ohu+kv4SWYSsJZgac=
github.com/goosc/osc v0.1.0 h1:QZjNI74oFyh6CiPTj4HkM2GRYI9JjryxYtEFM/LqvUM=
github.com/goosc/osc v0.1.0/go.mod h1:r5nKL4/3VSkdPA5Pf5uuUm5rq4Ohu+kv4SWYSsJZgac=
github.com/karalabe/gousb v0.0.0-20170124160949-ffa821b2e25a h1:z/f1Dn+K2hRtk3wu6I71XOQg4e9WpUhETNOKAfOjUeQ=
github.com/karalabe/gousb v0.0.0-20170124160949-ffa821b2e25a/go.mod h1:8p/3p5WH9Hl9qeqxo1eygSyXU2TjTFnZMMqNP0kL/Tw=
github.com/metakeule/config v1.12.1 h1:0b6t7+7GwCPGJuLYu7ky4RsDPG74kv3OsISunsgUjcA=
github.com/metakeule/config v1.12.1/go.mod h1:ghQE2T5TRpLGDlNSw0Hju+Vj4+XnGD31jOYqvpl795A=
github.com/metakeule/fmtdate v1.1.1 h1:TvWkgmMbqj+xMuaSQZRXbc1Ehi95PStoLZJu65Oaeyk=
github.com/metakeule/fmtdate v1.1.1/go.mod h1:2JyMFlKxeoGy1qS6obQukT0AL0Y4iNANQL8scbSdT4E=
